// !$*UTF8*$!
{
	archiveVersion = 1;
	classes = {
	};
	objectVersion = 46;
	objects = {

/* Begin PBXBuildFile section */
		BE089E2E1DC9016A0019A090 /* main.swift in Sources */ = {isa = PBXBuildFile; fileRef = BED54ABE1DC8FE8100FE7B98 /* main.swift */; };
		BE089E2F1DC9016F0019A090 /* Git.swift in Sources */ = {isa = PBXBuildFile; fileRef = BE4D6CD41DC900F1001C0255 /* Git.swift */; };
		BE089E311DC9019B0019A090 /* GitService.swift in Sources */ = {isa = PBXBuildFile; fileRef = BE089E301DC9019A0019A090 /* GitService.swift */; };
		BE3A9FD11DB3DCDD0009D265 /* AppDelegate.swift in Sources */ = {isa = PBXBuildFile; fileRef = BE3A9FD01DB3DCDD0009D265 /* AppDelegate.swift */; };
		BE3A9FD31DB3DCDD0009D265 /* RegularViewController.swift in Sources */ = {isa = PBXBuildFile; fileRef = BE3A9FD21DB3DCDD0009D265 /* RegularViewController.swift */; };
		BE3A9FD51DB3DCDD0009D265 /* Assets.xcassets in Resources */ = {isa = PBXBuildFile; fileRef = BE3A9FD41DB3DCDD0009D265 /* Assets.xcassets */; };
		BE3A9FD81DB3DCDD0009D265 /* Main.storyboard in Resources */ = {isa = PBXBuildFile; fileRef = BE3A9FD61DB3DCDD0009D265 /* Main.storyboard */; };
		BE3A9FFA1DB3DD5A0009D265 /* FinderSync.swift in Sources */ = {isa = PBXBuildFile; fileRef = BE3A9FF91DB3DD5A0009D265 /* FinderSync.swift */; };
		BE3A9FFE1DB3DD5A0009D265 /* Up-N-Down Finder Sync Extension.appex in Embed App Extensions */ = {isa = PBXBuildFile; fileRef = BE3A9FF51DB3DD5A0009D265 /* Up-N-Down Finder Sync Extension.appex */; settings = {ATTRIBUTES = (RemoveHeadersOnCopy, ); }; };
		BE3AA0041DB3EA530009D265 /* Assets.xcassets in Resources */ = {isa = PBXBuildFile; fileRef = BE3AA0031DB3EA530009D265 /* Assets.xcassets */; };
		BE3AA0061DB3EC540009D265 /* Badge.swift in Sources */ = {isa = PBXBuildFile; fileRef = BE3AA0051DB3EC540009D265 /* Badge.swift */; };
		BE3AA0081DB3EC7F0009D265 /* FIFinderSyncController+Badge.swift in Sources */ = {isa = PBXBuildFile; fileRef = BE3AA0071DB3EC7F0009D265 /* FIFinderSyncController+Badge.swift */; };
		BE3AA00C1DB3F4940009D265 /* ObjectiveGit.framework in Frameworks */ = {isa = PBXBuildFile; fileRef = BE3AA00B1DB3F4940009D265 /* ObjectiveGit.framework */; };
		BE3AA0101DB3F8630009D265 /* Git.swift in Sources */ = {isa = PBXBuildFile; fileRef = BE3AA00F1DB3F8630009D265 /* Git.swift */; };
		BE3AA0131DB3F9820009D265 /* URL.swift in Sources */ = {isa = PBXBuildFile; fileRef = BE3AA0121DB3F9820009D265 /* URL.swift */; };
		BE3AA0151DB3FB690009D265 /* Git+Status.swift in Sources */ = {isa = PBXBuildFile; fileRef = BE3AA0141DB3FB690009D265 /* Git+Status.swift */; };
		BE3AA0171DB3FBE20009D265 /* GTRepository+URL.swift in Sources */ = {isa = PBXBuildFile; fileRef = BE3AA0161DB3FBE20009D265 /* GTRepository+URL.swift */; };
		BE3AA01B1DB402DE0009D265 /* TransparentWindow.swift in Sources */ = {isa = PBXBuildFile; fileRef = BE3AA01A1DB402DE0009D265 /* TransparentWindow.swift */; };
		BE4BF1D91DB4174C00063FE7 /* ObjectiveGit.framework.dSYM in CopyFiles */ = {isa = PBXBuildFile; fileRef = BE4BF1D81DB4174C00063FE7 /* ObjectiveGit.framework.dSYM */; };
		BEC9B34D1DC90A9D008BDB89 /* ObjectiveGit.framework in Frameworks */ = {isa = PBXBuildFile; fileRef = BE3AA00B1DB3F4940009D265 /* ObjectiveGit.framework */; };
		BEC9B34F1DC90D04008BDB89 /* GitService.swift in Sources */ = {isa = PBXBuildFile; fileRef = BE089E301DC9019A0019A090 /* GitService.swift */; };
		BECB06E61DC62F8400753CF3 /* NSMenuItem.swift in Sources */ = {isa = PBXBuildFile; fileRef = BECB06E41DC62EFA00753CF3 /* NSMenuItem.swift */; };
		BED54AB71DC8FD7500FE7B98 /* Up-N-Down Git Service.xpc in Embed XPC Services */ = {isa = PBXBuildFile; fileRef = BED54AAC1DC8FD7500FE7B98 /* Up-N-Down Git Service.xpc */; settings = {ATTRIBUTES = (RemoveHeadersOnCopy, ); }; };
		BED54AC21DC8FE9900FE7B98 /* GitServiceProtocol.swift in Sources */ = {isa = PBXBuildFile; fileRef = BED54AC11DC8FE9900FE7B98 /* GitServiceProtocol.swift */; };
		BED54AC31DC8FF6B00FE7B98 /* GitServiceProtocol.swift in Sources */ = {isa = PBXBuildFile; fileRef = BED54AC11DC8FE9900FE7B98 /* GitServiceProtocol.swift */; };
		BED54AC41DC8FF6B00FE7B98 /* GitServiceProtocol.swift in Sources */ = {isa = PBXBuildFile; fileRef = BED54AC11DC8FE9900FE7B98 /* GitServiceProtocol.swift */; };
		BEE9E63D1DC12A2E00D3CA2B /* NSColor+Theme.swift in Sources */ = {isa = PBXBuildFile; fileRef = BEE9E63C1DC12A2E00D3CA2B /* NSColor+Theme.swift */; };
		BEE9E6401DC1301400D3CA2B /* Regular.storyboard in Resources */ = {isa = PBXBuildFile; fileRef = BEE9E63E1DC1301400D3CA2B /* Regular.storyboard */; };
		BEED61A11DBE962500861DB8 /* OnBoardingViewController.swift in Sources */ = {isa = PBXBuildFile; fileRef = BEED61A01DBE962500861DB8 /* OnBoardingViewController.swift */; };
		BEED61A41DBE964300861DB8 /* OnBoarding.storyboard in Resources */ = {isa = PBXBuildFile; fileRef = BEED61A21DBE964300861DB8 /* OnBoarding.storyboard */; };
/* End PBXBuildFile section */

/* Begin PBXContainerItemProxy section */
		BE3A9FFC1DB3DD5A0009D265 /* PBXContainerItemProxy */ = {
			isa = PBXContainerItemProxy;
			containerPortal = BE3A9FC51DB3DCDD0009D265 /* Project object */;
			proxyType = 1;
			remoteGlobalIDString = BE3A9FF41DB3DD5A0009D265;
			remoteInfo = "Up N Down Finder Sync Extension";
		};
		BED54AB51DC8FD7500FE7B98 /* PBXContainerItemProxy */ = {
			isa = PBXContainerItemProxy;
			containerPortal = BE3A9FC51DB3DCDD0009D265 /* Project object */;
			proxyType = 1;
			remoteGlobalIDString = BED54AAB1DC8FD7500FE7B98;
			remoteInfo = "Up-N-Down Git Service";
		};
/* End PBXContainerItemProxy section */

/* Begin PBXCopyFilesBuildPhase section */
		BE3A9FF01DB3DCF80009D265 /* Embed App Extensions */ = {
			isa = PBXCopyFilesBuildPhase;
			buildActionMask = 2147483647;
			dstPath = "";
			dstSubfolderSpec = 13;
			files = (
				BE3A9FFE1DB3DD5A0009D265 /* Up-N-Down Finder Sync Extension.appex in Embed App Extensions */,
			);
			name = "Embed App Extensions";
			runOnlyForDeploymentPostprocessing = 0;
		};
		BE4BF1D71DB4173300063FE7 /* CopyFiles */ = {
			isa = PBXCopyFilesBuildPhase;
			buildActionMask = 2147483647;
			dstPath = "";
			dstSubfolderSpec = 7;
			files = (
				BE4BF1D91DB4174C00063FE7 /* ObjectiveGit.framework.dSYM in CopyFiles */,
			);
			runOnlyForDeploymentPostprocessing = 0;
		};
		BED54ABB1DC8FD7500FE7B98 /* Embed XPC Services */ = {
			isa = PBXCopyFilesBuildPhase;
			buildActionMask = 2147483647;
			dstPath = "$(CONTENTS_FOLDER_PATH)/XPCServices";
			dstSubfolderSpec = 16;
			files = (
				BED54AB71DC8FD7500FE7B98 /* Up-N-Down Git Service.xpc in Embed XPC Services */,
			);
			name = "Embed XPC Services";
			runOnlyForDeploymentPostprocessing = 0;
		};
/* End PBXCopyFilesBuildPhase section */

/* Begin PBXFileReference section */
		BE089E301DC9019A0019A090 /* GitService.swift */ = {isa = PBXFileReference; fileEncoding = 4; lastKnownFileType = sourcecode.swift; name = GitService.swift; path = Shared/GitService.swift; sourceTree = "<group>"; };
		BE089E321DC904990019A090 /* Up-N-Down.entitlements */ = {isa = PBXFileReference; lastKnownFileType = text.plist.entitlements; name = "Up-N-Down.entitlements"; path = "../Up-N-Down.entitlements"; sourceTree = "<group>"; };
		BE3A9FCD1DB3DCDD0009D265 /* Up-N-Down.app */ = {isa = PBXFileReference; explicitFileType = wrapper.application; includeInIndex = 0; path = "Up-N-Down.app"; sourceTree = BUILT_PRODUCTS_DIR; };
		BE3A9FD01DB3DCDD0009D265 /* AppDelegate.swift */ = {isa = PBXFileReference; lastKnownFileType = sourcecode.swift; path = AppDelegate.swift; sourceTree = "<group>"; };
		BE3A9FD21DB3DCDD0009D265 /* RegularViewController.swift */ = {isa = PBXFileReference; lastKnownFileType = sourcecode.swift; path = RegularViewController.swift; sourceTree = "<group>"; };
		BE3A9FD41DB3DCDD0009D265 /* Assets.xcassets */ = {isa = PBXFileReference; lastKnownFileType = folder.assetcatalog; path = Assets.xcassets; sourceTree = "<group>"; };
		BE3A9FD71DB3DCDD0009D265 /* Base */ = {isa = PBXFileReference; lastKnownFileType = file.storyboard; name = Base; path = Base.lproj/Main.storyboard; sourceTree = "<group>"; };
		BE3A9FD91DB3DCDD0009D265 /* Info.plist */ = {isa = PBXFileReference; lastKnownFileType = text.plist.xml; path = Info.plist; sourceTree = "<group>"; };
		BE3A9FF51DB3DD5A0009D265 /* Up-N-Down Finder Sync Extension.appex */ = {isa = PBXFileReference; explicitFileType = "wrapper.app-extension"; includeInIndex = 0; path = "Up-N-Down Finder Sync Extension.appex"; sourceTree = BUILT_PRODUCTS_DIR; };
		BE3A9FF81DB3DD5A0009D265 /* Up_N_Down_Finder_Sync_Extension.entitlements */ = {isa = PBXFileReference; lastKnownFileType = text.plist.entitlements; path = Up_N_Down_Finder_Sync_Extension.entitlements; sourceTree = "<group>"; };
		BE3A9FF91DB3DD5A0009D265 /* FinderSync.swift */ = {isa = PBXFileReference; lastKnownFileType = sourcecode.swift; path = FinderSync.swift; sourceTree = "<group>"; };
		BE3A9FFB1DB3DD5A0009D265 /* Info.plist */ = {isa = PBXFileReference; lastKnownFileType = text.plist.xml; path = Info.plist; sourceTree = "<group>"; };
		BE3AA0031DB3EA530009D265 /* Assets.xcassets */ = {isa = PBXFileReference; lastKnownFileType = folder.assetcatalog; path = Assets.xcassets; sourceTree = "<group>"; };
		BE3AA0051DB3EC540009D265 /* Badge.swift */ = {isa = PBXFileReference; fileEncoding = 4; lastKnownFileType = sourcecode.swift; path = Badge.swift; sourceTree = "<group>"; };
		BE3AA0071DB3EC7F0009D265 /* FIFinderSyncController+Badge.swift */ = {isa = PBXFileReference; fileEncoding = 4; lastKnownFileType = sourcecode.swift; path = "FIFinderSyncController+Badge.swift"; sourceTree = "<group>"; };
		BE3AA00B1DB3F4940009D265 /* ObjectiveGit.framework */ = {isa = PBXFileReference; lastKnownFileType = wrapper.framework; name = ObjectiveGit.framework; path = Carthage/Build/Mac/ObjectiveGit.framework; sourceTree = "<group>"; };
		BE3AA00F1DB3F8630009D265 /* Git.swift */ = {isa = PBXFileReference; fileEncoding = 4; lastKnownFileType = sourcecode.swift; path = Git.swift; sourceTree = "<group>"; };
		BE3AA0121DB3F9820009D265 /* URL.swift */ = {isa = PBXFileReference; fileEncoding = 4; lastKnownFileType = sourcecode.swift; path = URL.swift; sourceTree = "<group>"; };
		BE3AA0141DB3FB690009D265 /* Git+Status.swift */ = {isa = PBXFileReference; fileEncoding = 4; lastKnownFileType = sourcecode.swift; path = "Git+Status.swift"; sourceTree = "<group>"; };
		BE3AA0161DB3FBE20009D265 /* GTRepository+URL.swift */ = {isa = PBXFileReference; fileEncoding = 4; lastKnownFileType = sourcecode.swift; path = "GTRepository+URL.swift"; sourceTree = "<group>"; };
		BE3AA01A1DB402DE0009D265 /* TransparentWindow.swift */ = {isa = PBXFileReference; fileEncoding = 4; lastKnownFileType = sourcecode.swift; path = TransparentWindow.swift; sourceTree = "<group>"; };
		BE4BF1D81DB4174C00063FE7 /* ObjectiveGit.framework.dSYM */ = {isa = PBXFileReference; lastKnownFileType = wrapper.dsym; name = ObjectiveGit.framework.dSYM; path = ../Carthage/Build/Mac/ObjectiveGit.framework.dSYM; sourceTree = "<group>"; };
		BE4D6CD41DC900F1001C0255 /* Git.swift */ = {isa = PBXFileReference; fileEncoding = 4; lastKnownFileType = sourcecode.swift; path = Git.swift; sourceTree = "<group>"; };
		BECB06E41DC62EFA00753CF3 /* NSMenuItem.swift */ = {isa = PBXFileReference; fileEncoding = 4; lastKnownFileType = sourcecode.swift; path = NSMenuItem.swift; sourceTree = "<group>"; };
		BED54AAC1DC8FD7500FE7B98 /* Up-N-Down Git Service.xpc */ = {isa = PBXFileReference; explicitFileType = "wrapper.xpc-service"; includeInIndex = 0; path = "Up-N-Down Git Service.xpc"; sourceTree = BUILT_PRODUCTS_DIR; };
		BED54AB41DC8FD7500FE7B98 /* Info.plist */ = {isa = PBXFileReference; lastKnownFileType = text.plist.xml; path = Info.plist; sourceTree = "<group>"; };
		BED54ABD1DC8FDA600FE7B98 /* Up-N-Down Git Service.entitlements */ = {isa = PBXFileReference; lastKnownFileType = text.plist.entitlements; path = "Up-N-Down Git Service.entitlements"; sourceTree = "<group>"; };
		BED54ABE1DC8FE8100FE7B98 /* main.swift */ = {isa = PBXFileReference; fileEncoding = 4; lastKnownFileType = sourcecode.swift; path = main.swift; sourceTree = "<group>"; };
		BED54AC11DC8FE9900FE7B98 /* GitServiceProtocol.swift */ = {isa = PBXFileReference; fileEncoding = 4; lastKnownFileType = sourcecode.swift; name = GitServiceProtocol.swift; path = Shared/GitServiceProtocol.swift; sourceTree = "<group>"; };
		BEE9E63C1DC12A2E00D3CA2B /* NSColor+Theme.swift */ = {isa = PBXFileReference; fileEncoding = 4; lastKnownFileType = sourcecode.swift; path = "NSColor+Theme.swift"; sourceTree = "<group>"; };
		BEE9E63F1DC1301400D3CA2B /* Base */ = {isa = PBXFileReference; lastKnownFileType = file.storyboard; name = Base; path = Base.lproj/Regular.storyboard; sourceTree = "<group>"; };
		BEED61A01DBE962500861DB8 /* OnBoardingViewController.swift */ = {isa = PBXFileReference; fileEncoding = 4; lastKnownFileType = sourcecode.swift; path = OnBoardingViewController.swift; sourceTree = "<group>"; };
		BEED61A31DBE964300861DB8 /* Base */ = {isa = PBXFileReference; lastKnownFileType = file.storyboard; name = Base; path = Base.lproj/OnBoarding.storyboard; sourceTree = "<group>"; };
/* End PBXFileReference section */

/* Begin PBXFrameworksBuildPhase section */
		BE3A9FCA1DB3DCDD0009D265 /* Frameworks */ = {
			isa = PBXFrameworksBuildPhase;
			buildActionMask = 2147483647;
			files = (
			);
			runOnlyForDeploymentPostprocessing = 0;
		};
		BE3A9FF21DB3DD5A0009D265 /* Frameworks */ = {
			isa = PBXFrameworksBuildPhase;
			buildActionMask = 2147483647;
			files = (
				BE3AA00C1DB3F4940009D265 /* ObjectiveGit.framework in Frameworks */,
			);
			runOnlyForDeploymentPostprocessing = 0;
		};
		BED54AA91DC8FD7500FE7B98 /* Frameworks */ = {
			isa = PBXFrameworksBuildPhase;
			buildActionMask = 2147483647;
			files = (
				BEC9B34D1DC90A9D008BDB89 /* ObjectiveGit.framework in Frameworks */,
			);
			runOnlyForDeploymentPostprocessing = 0;
		};
/* End PBXFrameworksBuildPhase section */

/* Begin PBXGroup section */
		BE3A9FC41DB3DCDD0009D265 = {
			isa = PBXGroup;
			children = (
				BE3A9FCF1DB3DCDD0009D265 /* App */,
				BE3A9FF61DB3DD5A0009D265 /* Finder Sync Extension */,
				BED54AAD1DC8FD7500FE7B98 /* Git Service */,
				BED54AC01DC8FE8A00FE7B98 /* Shared */,
				BE3A9FCE1DB3DCDD0009D265 /* Products */,
				BE3AA00A1DB3F4940009D265 /* Frameworks */,
			);
			sourceTree = "<group>";
		};
		BE3A9FCE1DB3DCDD0009D265 /* Products */ = {
			isa = PBXGroup;
			children = (
				BE3A9FCD1DB3DCDD0009D265 /* Up-N-Down.app */,
				BE3A9FF51DB3DD5A0009D265 /* Up-N-Down Finder Sync Extension.appex */,
				BED54AAC1DC8FD7500FE7B98 /* Up-N-Down Git Service.xpc */,
			);
			name = Products;
			sourceTree = "<group>";
		};
		BE3A9FCF1DB3DCDD0009D265 /* App */ = {
			isa = PBXGroup;
			children = (
				BE3A9FD01DB3DCDD0009D265 /* AppDelegate.swift */,
				BE3AA01A1DB402DE0009D265 /* TransparentWindow.swift */,
				BE3A9FD61DB3DCDD0009D265 /* Main.storyboard */,
				BEE9E6411DC1302D00D3CA2B /* Regular */,
				BEED61A51DBE96AD00861DB8 /* OnBoarding */,
				BE3AA0021DB3E9C80009D265 /* Supporting Files */,
				BEE9E63C1DC12A2E00D3CA2B /* NSColor+Theme.swift */,
			);
			path = App;
			sourceTree = "<group>";
		};
		BE3A9FF61DB3DD5A0009D265 /* Finder Sync Extension */ = {
			isa = PBXGroup;
			children = (
				BE3AA00D1DB3F84B0009D265 /* Finder Sync */,
				BE3AA00E1DB3F8540009D265 /* Git */,
				BE3AA0111DB3F9790009D265 /* Extensions */,
				BE3A9FF71DB3DD5A0009D265 /* Supporting Files */,
			);
			path = "Finder Sync Extension";
			sourceTree = "<group>";
		};
		BE3A9FF71DB3DD5A0009D265 /* Supporting Files */ = {
			isa = PBXGroup;
			children = (
				BE4BF1D81DB4174C00063FE7 /* ObjectiveGit.framework.dSYM */,
				BE3A9FFB1DB3DD5A0009D265 /* Info.plist */,
				BE3A9FF81DB3DD5A0009D265 /* Up_N_Down_Finder_Sync_Extension.entitlements */,
				BE3AA0031DB3EA530009D265 /* Assets.xcassets */,
			);
			name = "Supporting Files";
			sourceTree = "<group>";
		};
		BE3AA0021DB3E9C80009D265 /* Supporting Files */ = {
			isa = PBXGroup;
			children = (
				BE089E321DC904990019A090 /* Up-N-Down.entitlements */,
				BE3A9FD41DB3DCDD0009D265 /* Assets.xcassets */,
				BE3A9FD91DB3DCDD0009D265 /* Info.plist */,
			);
			name = "Supporting Files";
			sourceTree = "<group>";
		};
		BE3AA00A1DB3F4940009D265 /* Frameworks */ = {
			isa = PBXGroup;
			children = (
				BE3AA00B1DB3F4940009D265 /* ObjectiveGit.framework */,
			);
			name = Frameworks;
			sourceTree = "<group>";
		};
		BE3AA00D1DB3F84B0009D265 /* Finder Sync */ = {
			isa = PBXGroup;
			children = (
				BE3A9FF91DB3DD5A0009D265 /* FinderSync.swift */,
				BE3AA0051DB3EC540009D265 /* Badge.swift */,
			);
			path = "Finder Sync";
			sourceTree = "<group>";
		};
		BE3AA00E1DB3F8540009D265 /* Git */ = {
			isa = PBXGroup;
			children = (
				BE3AA00F1DB3F8630009D265 /* Git.swift */,
				BE3AA0141DB3FB690009D265 /* Git+Status.swift */,
			);
			path = Git;
			sourceTree = "<group>";
		};
		BE3AA0111DB3F9790009D265 /* Extensions */ = {
			isa = PBXGroup;
			children = (
				BE3AA0071DB3EC7F0009D265 /* FIFinderSyncController+Badge.swift */,
				BE3AA0161DB3FBE20009D265 /* GTRepository+URL.swift */,
				BE3AA0121DB3F9820009D265 /* URL.swift */,
				BECB06E41DC62EFA00753CF3 /* NSMenuItem.swift */,
			);
			path = Extensions;
			sourceTree = "<group>";
		};
		BED54AAD1DC8FD7500FE7B98 /* Git Service */ = {
			isa = PBXGroup;
			children = (
				BED54ABE1DC8FE8100FE7B98 /* main.swift */,
				BE4D6CD41DC900F1001C0255 /* Git.swift */,
				BED54ABC1DC8FD9C00FE7B98 /* Supporting Files */,
			);
			path = "Git Service";
			sourceTree = "<group>";
		};
		BED54ABC1DC8FD9C00FE7B98 /* Supporting Files */ = {
			isa = PBXGroup;
			children = (
				BED54AB41DC8FD7500FE7B98 /* Info.plist */,
				BED54ABD1DC8FDA600FE7B98 /* Up-N-Down Git Service.entitlements */,
			);
			name = "Supporting Files";
			sourceTree = "<group>";
		};
		BED54AC01DC8FE8A00FE7B98 /* Shared */ = {
			isa = PBXGroup;
			children = (
				BE089E301DC9019A0019A090 /* GitService.swift */,
				BED54AC11DC8FE9900FE7B98 /* GitServiceProtocol.swift */,
			);
			name = Shared;
			sourceTree = "<group>";
		};
		BEE9E6411DC1302D00D3CA2B /* Regular */ = {
			isa = PBXGroup;
			children = (
				BE3A9FD21DB3DCDD0009D265 /* RegularViewController.swift */,
				BEE9E63E1DC1301400D3CA2B /* Regular.storyboard */,
			);
			name = Regular;
			sourceTree = "<group>";
		};
		BEED61A51DBE96AD00861DB8 /* OnBoarding */ = {
			isa = PBXGroup;
			children = (
				BEED61A01DBE962500861DB8 /* OnBoardingViewController.swift */,
				BEED61A21DBE964300861DB8 /* OnBoarding.storyboard */,
			);
			name = OnBoarding;
			sourceTree = "<group>";
		};
/* End PBXGroup section */

/* Begin PBXNativeTarget section */
		BE3A9FCC1DB3DCDD0009D265 /* Up-N-Down */ = {
			isa = PBXNativeTarget;
			buildConfigurationList = BE3A9FDC1DB3DCDD0009D265 /* Build configuration list for PBXNativeTarget "Up-N-Down" */;
			buildPhases = (
				BE3A9FC91DB3DCDD0009D265 /* Sources */,
				BE3A9FCA1DB3DCDD0009D265 /* Frameworks */,
				BE3A9FCB1DB3DCDD0009D265 /* Resources */,
				BE3A9FF01DB3DCF80009D265 /* Embed App Extensions */,
				BED54ABB1DC8FD7500FE7B98 /* Embed XPC Services */,
			);
			buildRules = (
			);
			dependencies = (
				BE3A9FFD1DB3DD5A0009D265 /* PBXTargetDependency */,
				BED54AB61DC8FD7500FE7B98 /* PBXTargetDependency */,
			);
			name = "Up-N-Down";
			productName = "Up N Down";
			productReference = BE3A9FCD1DB3DCDD0009D265 /* Up-N-Down.app */;
			productType = "com.apple.product-type.application";
		};
		BE3A9FF41DB3DD5A0009D265 /* Up-N-Down Finder Sync Extension */ = {
			isa = PBXNativeTarget;
			buildConfigurationList = BE3A9FFF1DB3DD5A0009D265 /* Build configuration list for PBXNativeTarget "Up-N-Down Finder Sync Extension" */;
			buildPhases = (
				BE3A9FF11DB3DD5A0009D265 /* Sources */,
				BE3A9FF21DB3DD5A0009D265 /* Frameworks */,
				BE3A9FF31DB3DD5A0009D265 /* Resources */,
				BE3AA0091DB3F3FC0009D265 /* ShellScript */,
				BE4BF1D71DB4173300063FE7 /* CopyFiles */,
			);
			buildRules = (
			);
			dependencies = (
			);
			name = "Up-N-Down Finder Sync Extension";
			productName = "Up N Down Finder Sync Extension";
			productReference = BE3A9FF51DB3DD5A0009D265 /* Up-N-Down Finder Sync Extension.appex */;
			productType = "com.apple.product-type.app-extension";
		};
		BED54AAB1DC8FD7500FE7B98 /* Up-N-Down Git Service */ = {
			isa = PBXNativeTarget;
			buildConfigurationList = BED54ABA1DC8FD7500FE7B98 /* Build configuration list for PBXNativeTarget "Up-N-Down Git Service" */;
			buildPhases = (
				BED54AA81DC8FD7500FE7B98 /* Sources */,
				BED54AA91DC8FD7500FE7B98 /* Frameworks */,
				BED54AAA1DC8FD7500FE7B98 /* Resources */,
				BEC9B34E1DC90AAC008BDB89 /* ShellScript */,
			);
			buildRules = (
			);
			dependencies = (
			);
			name = "Up-N-Down Git Service";
			productName = "Up-N-Down Git Service";
			productReference = BED54AAC1DC8FD7500FE7B98 /* Up-N-Down Git Service.xpc */;
			productType = "com.apple.product-type.xpc-service";
		};
/* End PBXNativeTarget section */

/* Begin PBXProject section */
		BE3A9FC51DB3DCDD0009D265 /* Project object */ = {
			isa = PBXProject;
			attributes = {
				LastSwiftUpdateCheck = 0800;
				LastUpgradeCheck = 0810;
				ORGANIZATIONNAME = "Thomas Paul Mann";
				TargetAttributes = {
					BE3A9FCC1DB3DCDD0009D265 = {
						CreatedOnToolsVersion = 8.0;
						DevelopmentTeam = E6HN743D3A;
						LastSwiftMigration = 0810;
						ProvisioningStyle = Automatic;
						SystemCapabilities = {
							com.apple.Sandbox = {
								enabled = 1;
							};
						};
					};
					BE3A9FF41DB3DD5A0009D265 = {
						CreatedOnToolsVersion = 8.0;
						DevelopmentTeam = E6HN743D3A;
						LastSwiftMigration = 0810;
						ProvisioningStyle = Automatic;
					};
					BED54AAB1DC8FD7500FE7B98 = {
						CreatedOnToolsVersion = 8.1;
						DevelopmentTeam = E6HN743D3A;
						LastSwiftMigration = 0810;
						ProvisioningStyle = Manual;
						SystemCapabilities = {
							com.apple.Sandbox = {
								enabled = 1;
							};
						};
					};
				};
			};
			buildConfigurationList = BE3A9FC81DB3DCDD0009D265 /* Build configuration list for PBXProject "Up-N-Down" */;
			compatibilityVersion = "Xcode 3.2";
			developmentRegion = English;
			hasScannedForEncodings = 0;
			knownRegions = (
				en,
				Base,
			);
			mainGroup = BE3A9FC41DB3DCDD0009D265;
			productRefGroup = BE3A9FCE1DB3DCDD0009D265 /* Products */;
			projectDirPath = "";
			projectRoot = "";
			targets = (
				BE3A9FCC1DB3DCDD0009D265 /* Up-N-Down */,
				BE3A9FF41DB3DD5A0009D265 /* Up-N-Down Finder Sync Extension */,
				BED54AAB1DC8FD7500FE7B98 /* Up-N-Down Git Service */,
			);
		};
/* End PBXProject section */

/* Begin PBXResourcesBuildPhase section */
		BE3A9FCB1DB3DCDD0009D265 /* Resources */ = {
			isa = PBXResourcesBuildPhase;
			buildActionMask = 2147483647;
			files = (
				BE3A9FD51DB3DCDD0009D265 /* Assets.xcassets in Resources */,
				BE3A9FD81DB3DCDD0009D265 /* Main.storyboard in Resources */,
				BEED61A41DBE964300861DB8 /* OnBoarding.storyboard in Resources */,
				BEE9E6401DC1301400D3CA2B /* Regular.storyboard in Resources */,
			);
			runOnlyForDeploymentPostprocessing = 0;
		};
		BE3A9FF31DB3DD5A0009D265 /* Resources */ = {
			isa = PBXResourcesBuildPhase;
			buildActionMask = 2147483647;
			files = (
				BE3AA0041DB3EA530009D265 /* Assets.xcassets in Resources */,
			);
			runOnlyForDeploymentPostprocessing = 0;
		};
		BED54AAA1DC8FD7500FE7B98 /* Resources */ = {
			isa = PBXResourcesBuildPhase;
			buildActionMask = 2147483647;
			files = (
			);
			runOnlyForDeploymentPostprocessing = 0;
		};
/* End PBXResourcesBuildPhase section */

/* Begin PBXShellScriptBuildPhase section */
		BE3AA0091DB3F3FC0009D265 /* ShellScript */ = {
			isa = PBXShellScriptBuildPhase;
			buildActionMask = 2147483647;
			files = (
			);
			inputPaths = (
				"$(SRCROOT)/Carthage/Build/Mac/ObjectiveGit.framework",
			);
			outputPaths = (
			);
			runOnlyForDeploymentPostprocessing = 0;
			shellPath = /bin/sh;
			shellScript = "/usr/local/bin/carthage copy-frameworks\n";
		};
		BEC9B34E1DC90AAC008BDB89 /* ShellScript */ = {
			isa = PBXShellScriptBuildPhase;
			buildActionMask = 2147483647;
			files = (
			);
			inputPaths = (
				"$(SRCROOT)/Carthage/Build/Mac/ObjectiveGit.framework",
			);
			outputPaths = (
			);
			runOnlyForDeploymentPostprocessing = 0;
			shellPath = /bin/sh;
			shellScript = "/usr/local/bin/carthage copy-frameworks\n";
		};
/* End PBXShellScriptBuildPhase section */

/* Begin PBXSourcesBuildPhase section */
		BE3A9FC91DB3DCDD0009D265 /* Sources */ = {
			isa = PBXSourcesBuildPhase;
			buildActionMask = 2147483647;
			files = (
				BEE9E63D1DC12A2E00D3CA2B /* NSColor+Theme.swift in Sources */,
				BE3AA01B1DB402DE0009D265 /* TransparentWindow.swift in Sources */,
				BED54AC21DC8FE9900FE7B98 /* GitServiceProtocol.swift in Sources */,
				BE3A9FD31DB3DCDD0009D265 /* RegularViewController.swift in Sources */,
				BE089E311DC9019B0019A090 /* GitService.swift in Sources */,
				BE3A9FD11DB3DCDD0009D265 /* AppDelegate.swift in Sources */,
				BEED61A11DBE962500861DB8 /* OnBoardingViewController.swift in Sources */,
			);
			runOnlyForDeploymentPostprocessing = 0;
		};
		BE3A9FF11DB3DD5A0009D265 /* Sources */ = {
			isa = PBXSourcesBuildPhase;
			buildActionMask = 2147483647;
			files = (
				BECB06E61DC62F8400753CF3 /* NSMenuItem.swift in Sources */,
				BE3AA0131DB3F9820009D265 /* URL.swift in Sources */,
				BE3AA0151DB3FB690009D265 /* Git+Status.swift in Sources */,
				BE3A9FFA1DB3DD5A0009D265 /* FinderSync.swift in Sources */,
				BE3AA0061DB3EC540009D265 /* Badge.swift in Sources */,
				BE3AA0081DB3EC7F0009D265 /* FIFinderSyncController+Badge.swift in Sources */,
				BEC9B34F1DC90D04008BDB89 /* GitService.swift in Sources */,
				BED54AC31DC8FF6B00FE7B98 /* GitServiceProtocol.swift in Sources */,
				BE3AA0171DB3FBE20009D265 /* GTRepository+URL.swift in Sources */,
				BE3AA0101DB3F8630009D265 /* Git.swift in Sources */,
			);
			runOnlyForDeploymentPostprocessing = 0;
		};
		BED54AA81DC8FD7500FE7B98 /* Sources */ = {
			isa = PBXSourcesBuildPhase;
			buildActionMask = 2147483647;
			files = (
				BE089E2E1DC9016A0019A090 /* main.swift in Sources */,
				BED54AC41DC8FF6B00FE7B98 /* GitServiceProtocol.swift in Sources */,
				BE089E2F1DC9016F0019A090 /* Git.swift in Sources */,
			);
			runOnlyForDeploymentPostprocessing = 0;
		};
/* End PBXSourcesBuildPhase section */

/* Begin PBXTargetDependency section */
		BE3A9FFD1DB3DD5A0009D265 /* PBXTargetDependency */ = {
			isa = PBXTargetDependency;
			target = BE3A9FF41DB3DD5A0009D265 /* Up-N-Down Finder Sync Extension */;
			targetProxy = BE3A9FFC1DB3DD5A0009D265 /* PBXContainerItemProxy */;
		};
		BED54AB61DC8FD7500FE7B98 /* PBXTargetDependency */ = {
			isa = PBXTargetDependency;
			target = BED54AAB1DC8FD7500FE7B98 /* Up-N-Down Git Service */;
			targetProxy = BED54AB51DC8FD7500FE7B98 /* PBXContainerItemProxy */;
		};
/* End PBXTargetDependency section */

/* Begin PBXVariantGroup section */
		BE3A9FD61DB3DCDD0009D265 /* Main.storyboard */ = {
			isa = PBXVariantGroup;
			children = (
				BE3A9FD71DB3DCDD0009D265 /* Base */,
			);
			name = Main.storyboard;
			sourceTree = "<group>";
		};
		BEE9E63E1DC1301400D3CA2B /* Regular.storyboard */ = {
			isa = PBXVariantGroup;
			children = (
				BEE9E63F1DC1301400D3CA2B /* Base */,
			);
			name = Regular.storyboard;
			sourceTree = "<group>";
		};
		BEED61A21DBE964300861DB8 /* OnBoarding.storyboard */ = {
			isa = PBXVariantGroup;
			children = (
				BEED61A31DBE964300861DB8 /* Base */,
			);
			name = OnBoarding.storyboard;
			sourceTree = "<group>";
		};
/* End PBXVariantGroup section */

/* Begin XCBuildConfiguration section */
		BE3A9FDA1DB3DCDD0009D265 /* Debug */ = {
			isa = XCBuildConfiguration;
			buildSettings = {
				ALWAYS_SEARCH_USER_PATHS = NO;
				CLANG_ANALYZER_NONNULL = YES;
				CLANG_CXX_LANGUAGE_STANDARD = "gnu++0x";
				CLANG_CXX_LIBRARY = "libc++";
				CLANG_ENABLE_MODULES = YES;
				CLANG_ENABLE_OBJC_ARC = YES;
				CLANG_WARN_BOOL_CONVERSION = YES;
				CLANG_WARN_CONSTANT_CONVERSION = YES;
				CLANG_WARN_DIRECT_OBJC_ISA_USAGE = YES_ERROR;
				CLANG_WARN_DOCUMENTATION_COMMENTS = YES;
				CLANG_WARN_EMPTY_BODY = YES;
				CLANG_WARN_ENUM_CONVERSION = YES;
				CLANG_WARN_INFINITE_RECURSION = YES;
				CLANG_WARN_INT_CONVERSION = YES;
				CLANG_WARN_OBJC_ROOT_CLASS = YES_ERROR;
				CLANG_WARN_SUSPICIOUS_MOVE = YES;
				CLANG_WARN_SUSPICIOUS_MOVES = YES;
				CLANG_WARN_UNREACHABLE_CODE = YES;
				CLANG_WARN__DUPLICATE_METHOD_MATCH = YES;
				CODE_SIGN_IDENTITY = "-";
				COPY_PHASE_STRIP = NO;
				DEBUG_INFORMATION_FORMAT = dwarf;
				ENABLE_STRICT_OBJC_MSGSEND = YES;
				ENABLE_TESTABILITY = YES;
				GCC_C_LANGUAGE_STANDARD = gnu99;
				GCC_DYNAMIC_NO_PIC = NO;
				GCC_NO_COMMON_BLOCKS = YES;
				GCC_OPTIMIZATION_LEVEL = 0;
				GCC_PREPROCESSOR_DEFINITIONS = (
					"DEBUG=1",
					"$(inherited)",
				);
				GCC_WARN_64_TO_32_BIT_CONVERSION = YES;
				GCC_WARN_ABOUT_RETURN_TYPE = YES_ERROR;
				GCC_WARN_UNDECLARED_SELECTOR = YES;
				GCC_WARN_UNINITIALIZED_AUTOS = YES_AGGRESSIVE;
				GCC_WARN_UNUSED_FUNCTION = YES;
				GCC_WARN_UNUSED_VARIABLE = YES;
				MACOSX_DEPLOYMENT_TARGET = 10.12;
				MTL_ENABLE_DEBUG_INFO = YES;
				ONLY_ACTIVE_ARCH = YES;
				SDKROOT = macosx;
				SWIFT_ACTIVE_COMPILATION_CONDITIONS = DEBUG;
				SWIFT_OPTIMIZATION_LEVEL = "-Onone";
			};
			name = Debug;
		};
		BE3A9FDB1DB3DCDD0009D265 /* Release */ = {
			isa = XCBuildConfiguration;
			buildSettings = {
				ALWAYS_SEARCH_USER_PATHS = NO;
				CLANG_ANALYZER_NONNULL = YES;
				CLANG_CXX_LANGUAGE_STANDARD = "gnu++0x";
				CLANG_CXX_LIBRARY = "libc++";
				CLANG_ENABLE_MODULES = YES;
				CLANG_ENABLE_OBJC_ARC = YES;
				CLANG_WARN_BOOL_CONVERSION = YES;
				CLANG_WARN_CONSTANT_CONVERSION = YES;
				CLANG_WARN_DIRECT_OBJC_ISA_USAGE = YES_ERROR;
				CLANG_WARN_DOCUMENTATION_COMMENTS = YES;
				CLANG_WARN_EMPTY_BODY = YES;
				CLANG_WARN_ENUM_CONVERSION = YES;
				CLANG_WARN_INFINITE_RECURSION = YES;
				CLANG_WARN_INT_CONVERSION = YES;
				CLANG_WARN_OBJC_ROOT_CLASS = YES_ERROR;
				CLANG_WARN_SUSPICIOUS_MOVE = YES;
				CLANG_WARN_SUSPICIOUS_MOVES = YES;
				CLANG_WARN_UNREACHABLE_CODE = YES;
				CLANG_WARN__DUPLICATE_METHOD_MATCH = YES;
				CODE_SIGN_IDENTITY = "-";
				COPY_PHASE_STRIP = NO;
				DEBUG_INFORMATION_FORMAT = "dwarf-with-dsym";
				ENABLE_NS_ASSERTIONS = NO;
				ENABLE_STRICT_OBJC_MSGSEND = YES;
				GCC_C_LANGUAGE_STANDARD = gnu99;
				GCC_NO_COMMON_BLOCKS = YES;
				GCC_WARN_64_TO_32_BIT_CONVERSION = YES;
				GCC_WARN_ABOUT_RETURN_TYPE = YES_ERROR;
				GCC_WARN_UNDECLARED_SELECTOR = YES;
				GCC_WARN_UNINITIALIZED_AUTOS = YES_AGGRESSIVE;
				GCC_WARN_UNUSED_FUNCTION = YES;
				GCC_WARN_UNUSED_VARIABLE = YES;
				MACOSX_DEPLOYMENT_TARGET = 10.12;
				MTL_ENABLE_DEBUG_INFO = NO;
				SDKROOT = macosx;
				SWIFT_OPTIMIZATION_LEVEL = "-Owholemodule";
			};
			name = Release;
		};
		BE3A9FDD1DB3DCDD0009D265 /* Debug */ = {
			isa = XCBuildConfiguration;
			buildSettings = {
				ALWAYS_EMBED_SWIFT_STANDARD_LIBRARIES = YES;
				ASSETCATALOG_COMPILER_APPICON_NAME = AppIcon;
				CODE_SIGN_ENTITLEMENTS = "Up-N-Down.entitlements";
				CODE_SIGN_IDENTITY = "Mac Developer";
				COMBINE_HIDPI_IMAGES = YES;
				DEVELOPMENT_TEAM = E6HN743D3A;
				FRAMEWORK_SEARCH_PATHS = (
					"$(inherited)",
					"$(PROJECT_DIR)/Carthage/Build/Mac",
				);
				INFOPLIST_FILE = "$(SRCROOT)/App/Info.plist";
				LD_RUNPATH_SEARCH_PATHS = "$(inherited) @executable_path/../Frameworks";
				MACOSX_DEPLOYMENT_TARGET = 10.12;
				PRODUCT_BUNDLE_IDENTIFIER = "io.up-n-down.up-n-down";
				PRODUCT_NAME = "$(TARGET_NAME)";
				PROVISIONING_PROFILE = "";
				PROVISIONING_PROFILE_SPECIFIER = "";
				SWIFT_VERSION = 3.0;
			};
			name = Debug;
		};
		BE3A9FDE1DB3DCDD0009D265 /* Release */ = {
			isa = XCBuildConfiguration;
			buildSettings = {
				ALWAYS_EMBED_SWIFT_STANDARD_LIBRARIES = YES;
				ASSETCATALOG_COMPILER_APPICON_NAME = AppIcon;
				CODE_SIGN_ENTITLEMENTS = "Up-N-Down.entitlements";
				CODE_SIGN_IDENTITY = "Mac Developer";
				COMBINE_HIDPI_IMAGES = YES;
				DEVELOPMENT_TEAM = E6HN743D3A;
				FRAMEWORK_SEARCH_PATHS = (
					"$(inherited)",
					"$(PROJECT_DIR)/Carthage/Build/Mac",
				);
				INFOPLIST_FILE = "$(SRCROOT)/App/Info.plist";
				LD_RUNPATH_SEARCH_PATHS = "$(inherited) @executable_path/../Frameworks";
				MACOSX_DEPLOYMENT_TARGET = 10.12;
				PRODUCT_BUNDLE_IDENTIFIER = "io.up-n-down.up-n-down";
				PRODUCT_NAME = "$(TARGET_NAME)";
				SWIFT_VERSION = 3.0;
			};
			name = Release;
		};
		BE3AA0001DB3DD5A0009D265 /* Debug */ = {
			isa = XCBuildConfiguration;
			buildSettings = {
				CODE_SIGN_ENTITLEMENTS = "Finder Sync Extension/Up_N_Down_Finder_Sync_Extension.entitlements";
				CODE_SIGN_IDENTITY = "Mac Developer";
				COMBINE_HIDPI_IMAGES = YES;
				DEVELOPMENT_TEAM = E6HN743D3A;
				FRAMEWORK_SEARCH_PATHS = (
					"$(inherited)",
					"$(PROJECT_DIR)/Carthage/Build/Mac",
				);
				INFOPLIST_FILE = "$(SRCROOT)/Finder Sync Extension/Info.plist";
				LD_RUNPATH_SEARCH_PATHS = "$(inherited) @executable_path/../Frameworks @executable_path/../../../../Frameworks";
				PRODUCT_BUNDLE_IDENTIFIER = "io.up-n-down.up-n-down-finder-sync-extension";
				PRODUCT_NAME = "$(TARGET_NAME)";
				PROVISIONING_PROFILE = "";
				PROVISIONING_PROFILE_SPECIFIER = "";
				SKIP_INSTALL = YES;
				SWIFT_VERSION = 3.0;
			};
			name = Debug;
		};
		BE3AA0011DB3DD5A0009D265 /* Release */ = {
			isa = XCBuildConfiguration;
			buildSettings = {
				CODE_SIGN_ENTITLEMENTS = "Finder Sync Extension/Up_N_Down_Finder_Sync_Extension.entitlements";
				CODE_SIGN_IDENTITY = "Mac Developer";
				COMBINE_HIDPI_IMAGES = YES;
				DEVELOPMENT_TEAM = E6HN743D3A;
				FRAMEWORK_SEARCH_PATHS = (
					"$(inherited)",
					"$(PROJECT_DIR)/Carthage/Build/Mac",
				);
				INFOPLIST_FILE = "$(SRCROOT)/Finder Sync Extension/Info.plist";
				LD_RUNPATH_SEARCH_PATHS = "$(inherited) @executable_path/../Frameworks @executable_path/../../../../Frameworks";
				PRODUCT_BUNDLE_IDENTIFIER = "io.up-n-down.up-n-down-finder-sync-extension";
				PRODUCT_NAME = "$(TARGET_NAME)";
				SKIP_INSTALL = YES;
				SWIFT_VERSION = 3.0;
			};
			name = Release;
		};
		BED54AB81DC8FD7500FE7B98 /* Debug */ = {
			isa = XCBuildConfiguration;
			buildSettings = {
				ALWAYS_EMBED_SWIFT_STANDARD_LIBRARIES = YES;
				CODE_SIGN_ENTITLEMENTS = "Git Service/Up-N-Down Git Service.entitlements";
				CODE_SIGN_IDENTITY = "Mac Developer";
				COMBINE_HIDPI_IMAGES = YES;
				DEVELOPMENT_TEAM = E6HN743D3A;
				FRAMEWORK_SEARCH_PATHS = (
					"$(inherited)",
					"$(PROJECT_DIR)/Carthage/Build/Mac",
				);
				INFOPLIST_FILE = "$(SRCROOT)/Git Service/Info.plist";
				LD_RUNPATH_SEARCH_PATHS = "$(inherited) @executable_path/../Frameworks @loader_path/../Frameworks";
				PRODUCT_BUNDLE_IDENTIFIER = "io.up-n-down.up-n-down-git-service";
				PRODUCT_NAME = "$(TARGET_NAME)";
				SKIP_INSTALL = YES;
				SWIFT_VERSION = 3.0;
			};
			name = Debug;
		};
		BED54AB91DC8FD7500FE7B98 /* Release */ = {
			isa = XCBuildConfiguration;
			buildSettings = {
				ALWAYS_EMBED_SWIFT_STANDARD_LIBRARIES = YES;
				CODE_SIGN_ENTITLEMENTS = "Git Service/Up-N-Down Git Service.entitlements";
				CODE_SIGN_IDENTITY = "Mac Developer";
				COMBINE_HIDPI_IMAGES = YES;
				DEVELOPMENT_TEAM = E6HN743D3A;
				FRAMEWORK_SEARCH_PATHS = (
					"$(inherited)",
					"$(PROJECT_DIR)/Carthage/Build/Mac",
				);
				INFOPLIST_FILE = "$(SRCROOT)/Git Service/Info.plist";
				LD_RUNPATH_SEARCH_PATHS = "$(inherited) @executable_path/../Frameworks @loader_path/../Frameworks";
				PRODUCT_BUNDLE_IDENTIFIER = "io.up-n-down.up-n-down-git-service";
				PRODUCT_NAME = "$(TARGET_NAME)";
				SKIP_INSTALL = YES;
				SWIFT_VERSION = 3.0;
			};
			name = Release;
		};
/* End XCBuildConfiguration section */

/* Begin XCConfigurationList section */
		BE3A9FC81DB3DCDD0009D265 /* Build configuration list for PBXProject "Up-N-Down" */ = {
			isa = XCConfigurationList;
			buildConfigurations = (
				BE3A9FDA1DB3DCDD0009D265 /* Debug */,
				BE3A9FDB1DB3DCDD0009D265 /* Release */,
			);
			defaultConfigurationIsVisible = 0;
			defaultConfigurationName = Release;
		};
		BE3A9FDC1DB3DCDD0009D265 /* Build configuration list for PBXNativeTarget "Up-N-Down" */ = {
			isa = XCConfigurationList;
			buildConfigurations = (
				BE3A9FDD1DB3DCDD0009D265 /* Debug */,
				BE3A9FDE1DB3DCDD0009D265 /* Release */,
			);
			defaultConfigurationIsVisible = 0;
			defaultConfigurationName = Release;
		};
		BE3A9FFF1DB3DD5A0009D265 /* Build configuration list for PBXNativeTarget "Up-N-Down Finder Sync Extension" */ = {
			isa = XCConfigurationList;
			buildConfigurations = (
				BE3AA0001DB3DD5A0009D265 /* Debug */,
				BE3AA0011DB3DD5A0009D265 /* Release */,
			);
			defaultConfigurationIsVisible = 0;
			defaultConfigurationName = Release;
		};
		BED54ABA1DC8FD7500FE7B98 /* Build configuration list for PBXNativeTarget "Up-N-Down Git Service" */ = {
			isa = XCConfigurationList;
			buildConfigurations = (
				BED54AB81DC8FD7500FE7B98 /* Debug */,
				BED54AB91DC8FD7500FE7B98 /* Release */,
			);
			defaultConfigurationIsVisible = 0;
			defaultConfigurationName = Release;
		};
/* End XCConfigurationList section */
	};
	rootObject = BE3A9FC51DB3DCDD0009D265 /* Project object */;
}
