// !$*UTF8*$!
{
	archiveVersion = 1;
	classes = {
	};
	objectVersion = 46;
	objects = {

/* Begin PBXBuildFile section */
		BE27AF541DE6FB1A001A76BB /* FinderSync+Menu.swift in Sources */ = {isa = PBXBuildFile; fileRef = BE519EFC1DE59F8B00B9C88E /* FinderSync+Menu.swift */; };
		BE519EED1DE4C35C00B9C88E /* NSAlertExtensions.swift in Sources */ = {isa = PBXBuildFile; fileRef = BE519EEB1DE4C2BC00B9C88E /* NSAlertExtensions.swift */; };
		BE519EF01DE4C82800B9C88E /* URLExtensions.swift in Sources */ = {isa = PBXBuildFile; fileRef = BE519EEE1DE4C7F700B9C88E /* URLExtensions.swift */; };
		BE519EF31DE4CD2B00B9C88E /* FinderSync+Git.swift in Sources */ = {isa = PBXBuildFile; fileRef = BE519EF11DE4CD1B00B9C88E /* FinderSync+Git.swift */; };
		BE519EF51DE4D07800B9C88E /* StatusHandler.swift in Sources */ = {isa = PBXBuildFile; fileRef = BE519EF41DE4D07800B9C88E /* StatusHandler.swift */; };
		BE519EF91DE4DA3500B9C88E /* ObjectiveGitExtensions.swift in Sources */ = {isa = PBXBuildFile; fileRef = BE519EF81DE4DA3500B9C88E /* ObjectiveGitExtensions.swift */; };
		BE519EFB1DE4ECFA00B9C88E /* RepositoryHandler.swift in Sources */ = {isa = PBXBuildFile; fileRef = BE519EFA1DE4ECFA00B9C88E /* RepositoryHandler.swift */; };
		BED0CEE81DF5E1B100484C63 /* FinderSync+ContextualMenu.swift in Sources */ = {isa = PBXBuildFile; fileRef = BED0CEE61DF5E18900484C63 /* FinderSync+ContextualMenu.swift */; };
		BED0CEEA1DF5E6CC00484C63 /* IndexHandler.swift in Sources */ = {isa = PBXBuildFile; fileRef = BED0CEE91DF5E6CC00484C63 /* IndexHandler.swift */; };
		BED0CEEC1DF5EE9900484C63 /* CommitHandler.swift in Sources */ = {isa = PBXBuildFile; fileRef = BED0CEEB1DF5EE9900484C63 /* CommitHandler.swift */; };
		BEE74FD81DE366FE00A6DD44 /* AppDelegate.swift in Sources */ = {isa = PBXBuildFile; fileRef = BEE74FD71DE366FE00A6DD44 /* AppDelegate.swift */; };
		BEE74FDA1DE366FE00A6DD44 /* ViewController.swift in Sources */ = {isa = PBXBuildFile; fileRef = BEE74FD91DE366FE00A6DD44 /* ViewController.swift */; };
		BEE74FDC1DE366FE00A6DD44 /* Assets.xcassets in Resources */ = {isa = PBXBuildFile; fileRef = BEE74FDB1DE366FE00A6DD44 /* Assets.xcassets */; };
		BEE74FDF1DE366FE00A6DD44 /* Main.storyboard in Resources */ = {isa = PBXBuildFile; fileRef = BEE74FDD1DE366FE00A6DD44 /* Main.storyboard */; };
		BEE74FEF1DE3678200A6DD44 /* FinderSync.swift in Sources */ = {isa = PBXBuildFile; fileRef = BEE74FEE1DE3678200A6DD44 /* FinderSync.swift */; };
		BEE74FF31DE3678200A6DD44 /* Up-N-Down Finder Sync Extension.appex in Embed App Extensions */ = {isa = PBXBuildFile; fileRef = BEE74FEA1DE3678200A6DD44 /* Up-N-Down Finder Sync Extension.appex */; settings = {ATTRIBUTES = (RemoveHeadersOnCopy, ); }; };
		BEE750081DE367FB00A6DD44 /* Up-N-Down Git Service.xpc in Embed XPC Services */ = {isa = PBXBuildFile; fileRef = BEE74FFD1DE367FB00A6DD44 /* Up-N-Down Git Service.xpc */; settings = {ATTRIBUTES = (RemoveHeadersOnCopy, ); }; };
		BEE7500E1DE3680E00A6DD44 /* Up-N-Down Git Service.xpc in CopyFiles */ = {isa = PBXBuildFile; fileRef = BEE74FFD1DE367FB00A6DD44 /* Up-N-Down Git Service.xpc */; settings = {ATTRIBUTES = (RemoveHeadersOnCopy, ); }; };
		BEE750151DE3691C00A6DD44 /* main.swift in Sources */ = {isa = PBXBuildFile; fileRef = BEE750141DE3691C00A6DD44 /* main.swift */; };
		BEE750181DE3692800A6DD44 /* GitService.swift in Sources */ = {isa = PBXBuildFile; fileRef = BEE750161DE3692800A6DD44 /* GitService.swift */; };
		BEE750191DE3692800A6DD44 /* GitServiceDelegate.swift in Sources */ = {isa = PBXBuildFile; fileRef = BEE750171DE3692800A6DD44 /* GitServiceDelegate.swift */; };
		BEE750231DE36A5E00A6DD44 /* GitClient.swift in Sources */ = {isa = PBXBuildFile; fileRef = BEE750211DE36A2800A6DD44 /* GitClient.swift */; };
		BEE7502F1DE372EA00A6DD44 /* ObjectiveGit.framework in Frameworks */ = {isa = PBXBuildFile; fileRef = BEE7502E1DE372EA00A6DD44 /* ObjectiveGit.framework */; };
		BEE750341DE37B7900A6DD44 /* Badge.swift in Sources */ = {isa = PBXBuildFile; fileRef = BEE750331DE37B7900A6DD44 /* Badge.swift */; };
		BEE750361DE37B8600A6DD44 /* FIFinderSyncControllerExtensions.swift in Sources */ = {isa = PBXBuildFile; fileRef = BEE750351DE37B8600A6DD44 /* FIFinderSyncControllerExtensions.swift */; };
		BEE750391DE37C7600A6DD44 /* Assets.xcassets in Resources */ = {isa = PBXBuildFile; fileRef = BEE750381DE37C7600A6DD44 /* Assets.xcassets */; };
		BEE7503B1DE37D6300A6DD44 /* NSMenuItemExtensions.swift in Sources */ = {isa = PBXBuildFile; fileRef = BEE7503A1DE37D6300A6DD44 /* NSMenuItemExtensions.swift */; };
		BEE7503F1DE386ED00A6DD44 /* FinderSync+Toolbar.swift in Sources */ = {isa = PBXBuildFile; fileRef = BEE7503E1DE386ED00A6DD44 /* FinderSync+Toolbar.swift */; };
		BEE750411DE3874E00A6DD44 /* FinderSync+Observation.swift in Sources */ = {isa = PBXBuildFile; fileRef = BEE750401DE3874E00A6DD44 /* FinderSync+Observation.swift */; };
		BEE750491DE387FD00A6DD44 /* GitStatusExtensions.swift in Sources */ = {isa = PBXBuildFile; fileRef = BEE750471DE387FB00A6DD44 /* GitStatusExtensions.swift */; };
/* End PBXBuildFile section */

/* Begin PBXContainerItemProxy section */
		BEE74FF11DE3678200A6DD44 /* PBXContainerItemProxy */ = {
			isa = PBXContainerItemProxy;
			containerPortal = BEE74FCC1DE366FE00A6DD44 /* Project object */;
			proxyType = 1;
			remoteGlobalIDString = BEE74FE91DE3678200A6DD44;
			remoteInfo = "Finder Sync Extension";
		};
		BEE750061DE367FB00A6DD44 /* PBXContainerItemProxy */ = {
			isa = PBXContainerItemProxy;
			containerPortal = BEE74FCC1DE366FE00A6DD44 /* Project object */;
			proxyType = 1;
			remoteGlobalIDString = BEE74FFC1DE367FB00A6DD44;
			remoteInfo = "Git Service";
		};
/* End PBXContainerItemProxy section */

/* Begin PBXCopyFilesBuildPhase section */
		BEE74FF71DE3678200A6DD44 /* Embed App Extensions */ = {
			isa = PBXCopyFilesBuildPhase;
			buildActionMask = 2147483647;
			dstPath = "";
			dstSubfolderSpec = 13;
			files = (
				BEE74FF31DE3678200A6DD44 /* Up-N-Down Finder Sync Extension.appex in Embed App Extensions */,
			);
			name = "Embed App Extensions";
			runOnlyForDeploymentPostprocessing = 0;
		};
		BEE7500C1DE367FB00A6DD44 /* Embed XPC Services */ = {
			isa = PBXCopyFilesBuildPhase;
			buildActionMask = 2147483647;
			dstPath = "$(CONTENTS_FOLDER_PATH)/XPCServices";
			dstSubfolderSpec = 16;
			files = (
				BEE750081DE367FB00A6DD44 /* Up-N-Down Git Service.xpc in Embed XPC Services */,
			);
			name = "Embed XPC Services";
			runOnlyForDeploymentPostprocessing = 0;
		};
		BEE7500D1DE3680400A6DD44 /* CopyFiles */ = {
			isa = PBXCopyFilesBuildPhase;
			buildActionMask = 2147483647;
			dstPath = Contents/XPCServices;
			dstSubfolderSpec = 1;
			files = (
				BEE7500E1DE3680E00A6DD44 /* Up-N-Down Git Service.xpc in CopyFiles */,
			);
			runOnlyForDeploymentPostprocessing = 0;
		};
/* End PBXCopyFilesBuildPhase section */

/* Begin PBXFileReference section */
		BE519EEB1DE4C2BC00B9C88E /* NSAlertExtensions.swift */ = {isa = PBXFileReference; fileEncoding = 4; lastKnownFileType = sourcecode.swift; path = NSAlertExtensions.swift; sourceTree = "<group>"; };
		BE519EEE1DE4C7F700B9C88E /* URLExtensions.swift */ = {isa = PBXFileReference; fileEncoding = 4; lastKnownFileType = sourcecode.swift; path = URLExtensions.swift; sourceTree = "<group>"; };
		BE519EF11DE4CD1B00B9C88E /* FinderSync+Git.swift */ = {isa = PBXFileReference; fileEncoding = 4; lastKnownFileType = sourcecode.swift; path = "FinderSync+Git.swift"; sourceTree = "<group>"; };
		BE519EF41DE4D07800B9C88E /* StatusHandler.swift */ = {isa = PBXFileReference; fileEncoding = 4; lastKnownFileType = sourcecode.swift; path = StatusHandler.swift; sourceTree = "<group>"; };
		BE519EF81DE4DA3500B9C88E /* ObjectiveGitExtensions.swift */ = {isa = PBXFileReference; fileEncoding = 4; lastKnownFileType = sourcecode.swift; path = ObjectiveGitExtensions.swift; sourceTree = "<group>"; };
		BE519EFA1DE4ECFA00B9C88E /* RepositoryHandler.swift */ = {isa = PBXFileReference; fileEncoding = 4; lastKnownFileType = sourcecode.swift; path = RepositoryHandler.swift; sourceTree = "<group>"; };
		BE519EFC1DE59F8B00B9C88E /* FinderSync+Menu.swift */ = {isa = PBXFileReference; fileEncoding = 4; lastKnownFileType = sourcecode.swift; path = "FinderSync+Menu.swift"; sourceTree = "<group>"; };
		BED0CEE61DF5E18900484C63 /* FinderSync+ContextualMenu.swift */ = {isa = PBXFileReference; fileEncoding = 4; lastKnownFileType = sourcecode.swift; path = "FinderSync+ContextualMenu.swift"; sourceTree = "<group>"; };
		BED0CEE91DF5E6CC00484C63 /* IndexHandler.swift */ = {isa = PBXFileReference; fileEncoding = 4; lastKnownFileType = sourcecode.swift; path = IndexHandler.swift; sourceTree = "<group>"; };
		BED0CEEB1DF5EE9900484C63 /* CommitHandler.swift */ = {isa = PBXFileReference; fileEncoding = 4; lastKnownFileType = sourcecode.swift; path = CommitHandler.swift; sourceTree = "<group>"; };
		BEE74FD41DE366FE00A6DD44 /* Up-N-Down.app */ = {isa = PBXFileReference; explicitFileType = wrapper.application; includeInIndex = 0; path = "Up-N-Down.app"; sourceTree = BUILT_PRODUCTS_DIR; };
		BEE74FD71DE366FE00A6DD44 /* AppDelegate.swift */ = {isa = PBXFileReference; lastKnownFileType = sourcecode.swift; path = AppDelegate.swift; sourceTree = "<group>"; };
		BEE74FD91DE366FE00A6DD44 /* ViewController.swift */ = {isa = PBXFileReference; lastKnownFileType = sourcecode.swift; path = ViewController.swift; sourceTree = "<group>"; };
		BEE74FDB1DE366FE00A6DD44 /* Assets.xcassets */ = {isa = PBXFileReference; lastKnownFileType = folder.assetcatalog; path = Assets.xcassets; sourceTree = "<group>"; };
		BEE74FDE1DE366FE00A6DD44 /* Base */ = {isa = PBXFileReference; lastKnownFileType = file.storyboard; name = Base; path = Base.lproj/Main.storyboard; sourceTree = "<group>"; };
		BEE74FE01DE366FE00A6DD44 /* Info.plist */ = {isa = PBXFileReference; lastKnownFileType = text.plist.xml; path = Info.plist; sourceTree = "<group>"; };
		BEE74FEA1DE3678200A6DD44 /* Up-N-Down Finder Sync Extension.appex */ = {isa = PBXFileReference; explicitFileType = "wrapper.app-extension"; includeInIndex = 0; path = "Up-N-Down Finder Sync Extension.appex"; sourceTree = BUILT_PRODUCTS_DIR; };
		BEE74FED1DE3678200A6DD44 /* Finder_Sync_Extension.entitlements */ = {isa = PBXFileReference; lastKnownFileType = text.plist.entitlements; path = Finder_Sync_Extension.entitlements; sourceTree = "<group>"; };
		BEE74FEE1DE3678200A6DD44 /* FinderSync.swift */ = {isa = PBXFileReference; lastKnownFileType = sourcecode.swift; path = FinderSync.swift; sourceTree = "<group>"; };
		BEE74FF01DE3678200A6DD44 /* Info.plist */ = {isa = PBXFileReference; lastKnownFileType = text.plist.xml; path = Info.plist; sourceTree = "<group>"; };
		BEE74FFD1DE367FB00A6DD44 /* Up-N-Down Git Service.xpc */ = {isa = PBXFileReference; explicitFileType = "wrapper.xpc-service"; includeInIndex = 0; path = "Up-N-Down Git Service.xpc"; sourceTree = BUILT_PRODUCTS_DIR; };
		BEE750051DE367FB00A6DD44 /* Info.plist */ = {isa = PBXFileReference; lastKnownFileType = text.plist.xml; path = Info.plist; sourceTree = "<group>"; };
		BEE750141DE3691C00A6DD44 /* main.swift */ = {isa = PBXFileReference; fileEncoding = 4; lastKnownFileType = sourcecode.swift; path = main.swift; sourceTree = "<group>"; };
		BEE750161DE3692800A6DD44 /* GitService.swift */ = {isa = PBXFileReference; fileEncoding = 4; lastKnownFileType = sourcecode.swift; path = GitService.swift; sourceTree = "<group>"; };
		BEE750171DE3692800A6DD44 /* GitServiceDelegate.swift */ = {isa = PBXFileReference; fileEncoding = 4; lastKnownFileType = sourcecode.swift; path = GitServiceDelegate.swift; sourceTree = "<group>"; };
		BEE750211DE36A2800A6DD44 /* GitClient.swift */ = {isa = PBXFileReference; fileEncoding = 4; lastKnownFileType = sourcecode.swift; path = GitClient.swift; sourceTree = "<group>"; };
		BEE7502E1DE372EA00A6DD44 /* ObjectiveGit.framework */ = {isa = PBXFileReference; lastKnownFileType = wrapper.framework; name = ObjectiveGit.framework; path = Carthage/Build/Mac/ObjectiveGit.framework; sourceTree = "<group>"; };
		BEE750331DE37B7900A6DD44 /* Badge.swift */ = {isa = PBXFileReference; fileEncoding = 4; lastKnownFileType = sourcecode.swift; path = Badge.swift; sourceTree = "<group>"; };
		BEE750351DE37B8600A6DD44 /* FIFinderSyncControllerExtensions.swift */ = {isa = PBXFileReference; fileEncoding = 4; lastKnownFileType = sourcecode.swift; path = FIFinderSyncControllerExtensions.swift; sourceTree = "<group>"; };
		BEE750381DE37C7600A6DD44 /* Assets.xcassets */ = {isa = PBXFileReference; lastKnownFileType = folder.assetcatalog; path = Assets.xcassets; sourceTree = "<group>"; };
		BEE7503A1DE37D6300A6DD44 /* NSMenuItemExtensions.swift */ = {isa = PBXFileReference; fileEncoding = 4; lastKnownFileType = sourcecode.swift; path = NSMenuItemExtensions.swift; sourceTree = "<group>"; };
		BEE7503E1DE386ED00A6DD44 /* FinderSync+Toolbar.swift */ = {isa = PBXFileReference; fileEncoding = 4; lastKnownFileType = sourcecode.swift; path = "FinderSync+Toolbar.swift"; sourceTree = "<group>"; };
		BEE750401DE3874E00A6DD44 /* FinderSync+Observation.swift */ = {isa = PBXFileReference; fileEncoding = 4; lastKnownFileType = sourcecode.swift; path = "FinderSync+Observation.swift"; sourceTree = "<group>"; };
		BEE750471DE387FB00A6DD44 /* GitStatusExtensions.swift */ = {isa = PBXFileReference; fileEncoding = 4; lastKnownFileType = sourcecode.swift; path = GitStatusExtensions.swift; sourceTree = "<group>"; };
		BEE7504F1DE42EFA00A6DD44 /* GitServiceProtocol.h */ = {isa = PBXFileReference; lastKnownFileType = sourcecode.c.h; path = GitServiceProtocol.h; sourceTree = "<group>"; };
		BEE7506E1DE430EC00A6DD44 /* GitServiceBridgingHeader.h */ = {isa = PBXFileReference; fileEncoding = 4; lastKnownFileType = sourcecode.c.h; path = GitServiceBridgingHeader.h; sourceTree = "<group>"; };
/* End PBXFileReference section */

/* Begin PBXFrameworksBuildPhase section */
		BEE74FD11DE366FE00A6DD44 /* Frameworks */ = {
			isa = PBXFrameworksBuildPhase;
			buildActionMask = 2147483647;
			files = (
			);
			runOnlyForDeploymentPostprocessing = 0;
		};
		BEE74FE71DE3678200A6DD44 /* Frameworks */ = {
			isa = PBXFrameworksBuildPhase;
			buildActionMask = 2147483647;
			files = (
			);
			runOnlyForDeploymentPostprocessing = 0;
		};
		BEE74FFA1DE367FB00A6DD44 /* Frameworks */ = {
			isa = PBXFrameworksBuildPhase;
			buildActionMask = 2147483647;
			files = (
				BEE7502F1DE372EA00A6DD44 /* ObjectiveGit.framework in Frameworks */,
			);
			runOnlyForDeploymentPostprocessing = 0;
		};
/* End PBXFrameworksBuildPhase section */

/* Begin PBXGroup section */
		BEE74FCB1DE366FE00A6DD44 = {
			isa = PBXGroup;
			children = (
				BEE74FD61DE366FE00A6DD44 /* App */,
				BEE74FEB1DE3678200A6DD44 /* Finder Sync Extension */,
				BEE750201DE36A1500A6DD44 /* Git Client */,
				BEE74FFE1DE367FB00A6DD44 /* Git Service */,
				BEE7501A1DE3696A00A6DD44 /* Shared */,
				BEE74FD51DE366FE00A6DD44 /* Products */,
				BEE7502D1DE372EA00A6DD44 /* Frameworks */,
			);
			sourceTree = "<group>";
		};
		BEE74FD51DE366FE00A6DD44 /* Products */ = {
			isa = PBXGroup;
			children = (
				BEE74FD41DE366FE00A6DD44 /* Up-N-Down.app */,
				BEE74FEA1DE3678200A6DD44 /* Up-N-Down Finder Sync Extension.appex */,
				BEE74FFD1DE367FB00A6DD44 /* Up-N-Down Git Service.xpc */,
			);
			name = Products;
			sourceTree = "<group>";
		};
		BEE74FD61DE366FE00A6DD44 /* App */ = {
			isa = PBXGroup;
			children = (
				BEE74FD71DE366FE00A6DD44 /* AppDelegate.swift */,
				BEE74FD91DE366FE00A6DD44 /* ViewController.swift */,
				BEE74FDD1DE366FE00A6DD44 /* Main.storyboard */,
				BEE74FF81DE367D000A6DD44 /* Supporting Files */,
			);
			path = App;
			sourceTree = "<group>";
		};
		BEE74FEB1DE3678200A6DD44 /* Finder Sync Extension */ = {
			isa = PBXGroup;
			children = (
				BEE74FEE1DE3678200A6DD44 /* FinderSync.swift */,
				BEE750401DE3874E00A6DD44 /* FinderSync+Observation.swift */,
				BE519EFC1DE59F8B00B9C88E /* FinderSync+Menu.swift */,
				BEE7503E1DE386ED00A6DD44 /* FinderSync+Toolbar.swift */,
				BED0CEE61DF5E18900484C63 /* FinderSync+ContextualMenu.swift */,
				BE519EF11DE4CD1B00B9C88E /* FinderSync+Git.swift */,
				BEE750331DE37B7900A6DD44 /* Badge.swift */,
				BEE750371DE37B8A00A6DD44 /* Extensions */,
				BEE74FEC1DE3678200A6DD44 /* Supporting Files */,
			);
			path = "Finder Sync Extension";
			sourceTree = "<group>";
		};
		BEE74FEC1DE3678200A6DD44 /* Supporting Files */ = {
			isa = PBXGroup;
			children = (
				BEE750381DE37C7600A6DD44 /* Assets.xcassets */,
				BEE74FF01DE3678200A6DD44 /* Info.plist */,
				BEE74FED1DE3678200A6DD44 /* Finder_Sync_Extension.entitlements */,
			);
			name = "Supporting Files";
			sourceTree = "<group>";
		};
		BEE74FF81DE367D000A6DD44 /* Supporting Files */ = {
			isa = PBXGroup;
			children = (
				BEE74FDB1DE366FE00A6DD44 /* Assets.xcassets */,
				BEE74FE01DE366FE00A6DD44 /* Info.plist */,
			);
			name = "Supporting Files";
			sourceTree = "<group>";
		};
		BEE74FFE1DE367FB00A6DD44 /* Git Service */ = {
			isa = PBXGroup;
			children = (
				BEE750141DE3691C00A6DD44 /* main.swift */,
				BEE750161DE3692800A6DD44 /* GitService.swift */,
				BEE750171DE3692800A6DD44 /* GitServiceDelegate.swift */,
				BE519EFA1DE4ECFA00B9C88E /* RepositoryHandler.swift */,
				BE519EF41DE4D07800B9C88E /* StatusHandler.swift */,
				BED0CEE91DF5E6CC00484C63 /* IndexHandler.swift */,
				BED0CEEB1DF5EE9900484C63 /* CommitHandler.swift */,
				BEE750461DE387F200A6DD44 /* Extensions */,
				BEE7500F1DE368AD00A6DD44 /* Supporting Files */,
			);
			path = "Git Service";
			sourceTree = "<group>";
		};
		BEE7500F1DE368AD00A6DD44 /* Supporting Files */ = {
			isa = PBXGroup;
			children = (
				BEE750051DE367FB00A6DD44 /* Info.plist */,
			);
			name = "Supporting Files";
			sourceTree = "<group>";
		};
		BEE7501A1DE3696A00A6DD44 /* Shared */ = {
			isa = PBXGroup;
			children = (
				BEE7506E1DE430EC00A6DD44 /* GitServiceBridgingHeader.h */,
				BEE7504F1DE42EFA00A6DD44 /* GitServiceProtocol.h */,
			);
			path = Shared;
			sourceTree = "<group>";
		};
		BEE750201DE36A1500A6DD44 /* Git Client */ = {
			isa = PBXGroup;
			children = (
				BEE750211DE36A2800A6DD44 /* GitClient.swift */,
			);
			path = "Git Client";
			sourceTree = "<group>";
		};
		BEE7502D1DE372EA00A6DD44 /* Frameworks */ = {
			isa = PBXGroup;
			children = (
				BEE7502E1DE372EA00A6DD44 /* ObjectiveGit.framework */,
			);
			name = Frameworks;
			sourceTree = "<group>";
		};
		BEE750371DE37B8A00A6DD44 /* Extensions */ = {
			isa = PBXGroup;
			children = (
				BEE7503A1DE37D6300A6DD44 /* NSMenuItemExtensions.swift */,
				BEE750351DE37B8600A6DD44 /* FIFinderSyncControllerExtensions.swift */,
				BE519EEB1DE4C2BC00B9C88E /* NSAlertExtensions.swift */,
			);
			name = Extensions;
			sourceTree = "<group>";
		};
		BEE750461DE387F200A6DD44 /* Extensions */ = {
			isa = PBXGroup;
			children = (
				BEE750471DE387FB00A6DD44 /* GitStatusExtensions.swift */,
				BE519EEE1DE4C7F700B9C88E /* URLExtensions.swift */,
				BE519EF81DE4DA3500B9C88E /* ObjectiveGitExtensions.swift */,
			);
			name = Extensions;
			sourceTree = "<group>";
		};
/* End PBXGroup section */

/* Begin PBXNativeTarget section */
		BEE74FD31DE366FE00A6DD44 /* Up-N-Down */ = {
			isa = PBXNativeTarget;
			buildConfigurationList = BEE74FE31DE366FE00A6DD44 /* Build configuration list for PBXNativeTarget "Up-N-Down" */;
			buildPhases = (
				BEE74FD01DE366FE00A6DD44 /* Sources */,
				BEE74FD11DE366FE00A6DD44 /* Frameworks */,
				BEE74FD21DE366FE00A6DD44 /* Resources */,
				BEE74FF71DE3678200A6DD44 /* Embed App Extensions */,
				BEE7500C1DE367FB00A6DD44 /* Embed XPC Services */,
			);
			buildRules = (
			);
			dependencies = (
				BEE74FF21DE3678200A6DD44 /* PBXTargetDependency */,
				BEE750071DE367FB00A6DD44 /* PBXTargetDependency */,
			);
			name = "Up-N-Down";
			productName = "Up-N-Down";
			productReference = BEE74FD41DE366FE00A6DD44 /* Up-N-Down.app */;
			productType = "com.apple.product-type.application";
		};
		BEE74FE91DE3678200A6DD44 /* Up-N-Down Finder Sync Extension */ = {
			isa = PBXNativeTarget;
			buildConfigurationList = BEE74FF41DE3678200A6DD44 /* Build configuration list for PBXNativeTarget "Up-N-Down Finder Sync Extension" */;
			buildPhases = (
				BEE74FE61DE3678200A6DD44 /* Sources */,
				BEE74FE71DE3678200A6DD44 /* Frameworks */,
				BEE74FE81DE3678200A6DD44 /* Resources */,
				BEE7500D1DE3680400A6DD44 /* CopyFiles */,
			);
			buildRules = (
			);
			dependencies = (
			);
			name = "Up-N-Down Finder Sync Extension";
			productName = "Finder Sync Extension";
			productReference = BEE74FEA1DE3678200A6DD44 /* Up-N-Down Finder Sync Extension.appex */;
			productType = "com.apple.product-type.app-extension";
		};
		BEE74FFC1DE367FB00A6DD44 /* Up-N-Down Git Service */ = {
			isa = PBXNativeTarget;
			buildConfigurationList = BEE750091DE367FB00A6DD44 /* Build configuration list for PBXNativeTarget "Up-N-Down Git Service" */;
			buildPhases = (
				BEE74FF91DE367FB00A6DD44 /* Sources */,
				BEE74FFA1DE367FB00A6DD44 /* Frameworks */,
				BEE74FFB1DE367FB00A6DD44 /* Resources */,
				BEE7502C1DE3729500A6DD44 /* ShellScript */,
			);
			buildRules = (
			);
			dependencies = (
			);
			name = "Up-N-Down Git Service";
			productName = "Git Service";
			productReference = BEE74FFD1DE367FB00A6DD44 /* Up-N-Down Git Service.xpc */;
			productType = "com.apple.product-type.xpc-service";
		};
/* End PBXNativeTarget section */

/* Begin PBXProject section */
		BEE74FCC1DE366FE00A6DD44 /* Project object */ = {
			isa = PBXProject;
			attributes = {
				LastSwiftUpdateCheck = 0810;
				LastUpgradeCheck = 0810;
				ORGANIZATIONNAME = "Up-N-Down";
				TargetAttributes = {
					BEE74FD31DE366FE00A6DD44 = {
						CreatedOnToolsVersion = 8.1;
						ProvisioningStyle = Automatic;
					};
					BEE74FE91DE3678200A6DD44 = {
						CreatedOnToolsVersion = 8.1;
						LastSwiftMigration = 0810;
						ProvisioningStyle = Automatic;
					};
					BEE74FFC1DE367FB00A6DD44 = {
						CreatedOnToolsVersion = 8.1;
						LastSwiftMigration = 0810;
						ProvisioningStyle = Automatic;
					};
				};
			};
			buildConfigurationList = BEE74FCF1DE366FE00A6DD44 /* Build configuration list for PBXProject "Up-N-Down" */;
			compatibilityVersion = "Xcode 3.2";
			developmentRegion = English;
			hasScannedForEncodings = 0;
			knownRegions = (
				en,
				Base,
			);
			mainGroup = BEE74FCB1DE366FE00A6DD44;
			productRefGroup = BEE74FD51DE366FE00A6DD44 /* Products */;
			projectDirPath = "";
			projectRoot = "";
			targets = (
				BEE74FD31DE366FE00A6DD44 /* Up-N-Down */,
				BEE74FE91DE3678200A6DD44 /* Up-N-Down Finder Sync Extension */,
				BEE74FFC1DE367FB00A6DD44 /* Up-N-Down Git Service */,
			);
		};
/* End PBXProject section */

/* Begin PBXResourcesBuildPhase section */
		BEE74FD21DE366FE00A6DD44 /* Resources */ = {
			isa = PBXResourcesBuildPhase;
			buildActionMask = 2147483647;
			files = (
				BEE74FDC1DE366FE00A6DD44 /* Assets.xcassets in Resources */,
				BEE74FDF1DE366FE00A6DD44 /* Main.storyboard in Resources */,
			);
			runOnlyForDeploymentPostprocessing = 0;
		};
		BEE74FE81DE3678200A6DD44 /* Resources */ = {
			isa = PBXResourcesBuildPhase;
			buildActionMask = 2147483647;
			files = (
				BEE750391DE37C7600A6DD44 /* Assets.xcassets in Resources */,
			);
			runOnlyForDeploymentPostprocessing = 0;
		};
		BEE74FFB1DE367FB00A6DD44 /* Resources */ = {
			isa = PBXResourcesBuildPhase;
			buildActionMask = 2147483647;
			files = (
			);
			runOnlyForDeploymentPostprocessing = 0;
		};
/* End PBXResourcesBuildPhase section */

/* Begin PBXShellScriptBuildPhase section */
		BEE7502C1DE3729500A6DD44 /* ShellScript */ = {
			isa = PBXShellScriptBuildPhase;
			buildActionMask = 2147483647;
			files = (
			);
			inputPaths = (
				"$(SRCROOT)/Carthage/Build/Mac/ObjectiveGit.framework",
			);
			outputPaths = (
			);
			runOnlyForDeploymentPostprocessing = 0;
			shellPath = /bin/sh;
			shellScript = "/usr/local/bin/carthage copy-frameworks\n";
		};
/* End PBXShellScriptBuildPhase section */

/* Begin PBXSourcesBuildPhase section */
		BEE74FD01DE366FE00A6DD44 /* Sources */ = {
			isa = PBXSourcesBuildPhase;
			buildActionMask = 2147483647;
			files = (
				BEE74FDA1DE366FE00A6DD44 /* ViewController.swift in Sources */,
				BEE74FD81DE366FE00A6DD44 /* AppDelegate.swift in Sources */,
			);
			runOnlyForDeploymentPostprocessing = 0;
		};
		BEE74FE61DE3678200A6DD44 /* Sources */ = {
			isa = PBXSourcesBuildPhase;
			buildActionMask = 2147483647;
			files = (
				BEE750361DE37B8600A6DD44 /* FIFinderSyncControllerExtensions.swift in Sources */,
				BEE750411DE3874E00A6DD44 /* FinderSync+Observation.swift in Sources */,
				BEE750341DE37B7900A6DD44 /* Badge.swift in Sources */,
				BE519EED1DE4C35C00B9C88E /* NSAlertExtensions.swift in Sources */,
				BEE74FEF1DE3678200A6DD44 /* FinderSync.swift in Sources */,
				BED0CEE81DF5E1B100484C63 /* FinderSync+ContextualMenu.swift in Sources */,
				BEE7503B1DE37D6300A6DD44 /* NSMenuItemExtensions.swift in Sources */,
				BEE7503F1DE386ED00A6DD44 /* FinderSync+Toolbar.swift in Sources */,
				BE519EF31DE4CD2B00B9C88E /* FinderSync+Git.swift in Sources */,
				BEE750231DE36A5E00A6DD44 /* GitClient.swift in Sources */,
				BE27AF541DE6FB1A001A76BB /* FinderSync+Menu.swift in Sources */,
			);
			runOnlyForDeploymentPostprocessing = 0;
		};
		BEE74FF91DE367FB00A6DD44 /* Sources */ = {
			isa = PBXSourcesBuildPhase;
			buildActionMask = 2147483647;
			files = (
				BE519EFB1DE4ECFA00B9C88E /* RepositoryHandler.swift in Sources */,
				BEE750181DE3692800A6DD44 /* GitService.swift in Sources */,
				BED0CEEA1DF5E6CC00484C63 /* IndexHandler.swift in Sources */,
				BE519EF51DE4D07800B9C88E /* StatusHandler.swift in Sources */,
				BEE750491DE387FD00A6DD44 /* GitStatusExtensions.swift in Sources */,
				BE519EF01DE4C82800B9C88E /* URLExtensions.swift in Sources */,
				BEE750191DE3692800A6DD44 /* GitServiceDelegate.swift in Sources */,
				BE519EF91DE4DA3500B9C88E /* ObjectiveGitExtensions.swift in Sources */,
				BEE750151DE3691C00A6DD44 /* main.swift in Sources */,
				BED0CEEC1DF5EE9900484C63 /* CommitHandler.swift in Sources */,
			);
			runOnlyForDeploymentPostprocessing = 0;
		};
/* End PBXSourcesBuildPhase section */

/* Begin PBXTargetDependency section */
		BEE74FF21DE3678200A6DD44 /* PBXTargetDependency */ = {
			isa = PBXTargetDependency;
			target = BEE74FE91DE3678200A6DD44 /* Up-N-Down Finder Sync Extension */;
			targetProxy = BEE74FF11DE3678200A6DD44 /* PBXContainerItemProxy */;
		};
		BEE750071DE367FB00A6DD44 /* PBXTargetDependency */ = {
			isa = PBXTargetDependency;
			target = BEE74FFC1DE367FB00A6DD44 /* Up-N-Down Git Service */;
			targetProxy = BEE750061DE367FB00A6DD44 /* PBXContainerItemProxy */;
		};
/* End PBXTargetDependency section */

/* Begin PBXVariantGroup section */
		BEE74FDD1DE366FE00A6DD44 /* Main.storyboard */ = {
			isa = PBXVariantGroup;
			children = (
				BEE74FDE1DE366FE00A6DD44 /* Base */,
			);
			name = Main.storyboard;
			sourceTree = "<group>";
		};
/* End PBXVariantGroup section */

/* Begin XCBuildConfiguration section */
		BEE74FE11DE366FE00A6DD44 /* Debug */ = {
			isa = XCBuildConfiguration;
			buildSettings = {
				ALWAYS_SEARCH_USER_PATHS = NO;
				CLANG_ANALYZER_NONNULL = YES;
				CLANG_CXX_LANGUAGE_STANDARD = "gnu++0x";
				CLANG_CXX_LIBRARY = "libc++";
				CLANG_ENABLE_MODULES = YES;
				CLANG_ENABLE_OBJC_ARC = YES;
				CLANG_WARN_BOOL_CONVERSION = YES;
				CLANG_WARN_CONSTANT_CONVERSION = YES;
				CLANG_WARN_DIRECT_OBJC_ISA_USAGE = YES_ERROR;
				CLANG_WARN_DOCUMENTATION_COMMENTS = YES;
				CLANG_WARN_EMPTY_BODY = YES;
				CLANG_WARN_ENUM_CONVERSION = YES;
				CLANG_WARN_INFINITE_RECURSION = YES;
				CLANG_WARN_INT_CONVERSION = YES;
				CLANG_WARN_OBJC_ROOT_CLASS = YES_ERROR;
				CLANG_WARN_SUSPICIOUS_MOVES = YES;
				CLANG_WARN_UNREACHABLE_CODE = YES;
				CLANG_WARN__DUPLICATE_METHOD_MATCH = YES;
				CODE_SIGN_IDENTITY = "-";
				COPY_PHASE_STRIP = NO;
				DEBUG_INFORMATION_FORMAT = dwarf;
				EMBEDDED_CONTENT_CONTAINS_SWIFT = YES;
				ENABLE_STRICT_OBJC_MSGSEND = YES;
				ENABLE_TESTABILITY = YES;
				GCC_C_LANGUAGE_STANDARD = gnu99;
				GCC_DYNAMIC_NO_PIC = NO;
				GCC_NO_COMMON_BLOCKS = YES;
				GCC_OPTIMIZATION_LEVEL = 0;
				GCC_PREPROCESSOR_DEFINITIONS = (
					"DEBUG=1",
					"$(inherited)",
				);
				GCC_WARN_64_TO_32_BIT_CONVERSION = YES;
				GCC_WARN_ABOUT_RETURN_TYPE = YES_ERROR;
				GCC_WARN_UNDECLARED_SELECTOR = YES;
				GCC_WARN_UNINITIALIZED_AUTOS = YES_AGGRESSIVE;
				GCC_WARN_UNUSED_FUNCTION = YES;
				GCC_WARN_UNUSED_VARIABLE = YES;
				MACOSX_DEPLOYMENT_TARGET = 10.12;
				MTL_ENABLE_DEBUG_INFO = YES;
				ONLY_ACTIVE_ARCH = YES;
				SDKROOT = macosx;
				SWIFT_ACTIVE_COMPILATION_CONDITIONS = DEBUG;
				SWIFT_OPTIMIZATION_LEVEL = "-Onone";
			};
			name = Debug;
		};
		BEE74FE21DE366FE00A6DD44 /* Release */ = {
			isa = XCBuildConfiguration;
			buildSettings = {
				ALWAYS_SEARCH_USER_PATHS = NO;
				CLANG_ANALYZER_NONNULL = YES;
				CLANG_CXX_LANGUAGE_STANDARD = "gnu++0x";
				CLANG_CXX_LIBRARY = "libc++";
				CLANG_ENABLE_MODULES = YES;
				CLANG_ENABLE_OBJC_ARC = YES;
				CLANG_WARN_BOOL_CONVERSION = YES;
				CLANG_WARN_CONSTANT_CONVERSION = YES;
				CLANG_WARN_DIRECT_OBJC_ISA_USAGE = YES_ERROR;
				CLANG_WARN_DOCUMENTATION_COMMENTS = YES;
				CLANG_WARN_EMPTY_BODY = YES;
				CLANG_WARN_ENUM_CONVERSION = YES;
				CLANG_WARN_INFINITE_RECURSION = YES;
				CLANG_WARN_INT_CONVERSION = YES;
				CLANG_WARN_OBJC_ROOT_CLASS = YES_ERROR;
				CLANG_WARN_SUSPICIOUS_MOVES = YES;
				CLANG_WARN_UNREACHABLE_CODE = YES;
				CLANG_WARN__DUPLICATE_METHOD_MATCH = YES;
				CODE_SIGN_IDENTITY = "-";
				COPY_PHASE_STRIP = NO;
				DEBUG_INFORMATION_FORMAT = "dwarf-with-dsym";
				EMBEDDED_CONTENT_CONTAINS_SWIFT = YES;
				ENABLE_NS_ASSERTIONS = NO;
				ENABLE_STRICT_OBJC_MSGSEND = YES;
				GCC_C_LANGUAGE_STANDARD = gnu99;
				GCC_NO_COMMON_BLOCKS = YES;
				GCC_WARN_64_TO_32_BIT_CONVERSION = YES;
				GCC_WARN_ABOUT_RETURN_TYPE = YES_ERROR;
				GCC_WARN_UNDECLARED_SELECTOR = YES;
				GCC_WARN_UNINITIALIZED_AUTOS = YES_AGGRESSIVE;
				GCC_WARN_UNUSED_FUNCTION = YES;
				GCC_WARN_UNUSED_VARIABLE = YES;
				MACOSX_DEPLOYMENT_TARGET = 10.12;
				MTL_ENABLE_DEBUG_INFO = NO;
				SDKROOT = macosx;
				SWIFT_OPTIMIZATION_LEVEL = "-Owholemodule";
			};
			name = Release;
		};
		BEE74FE41DE366FE00A6DD44 /* Debug */ = {
			isa = XCBuildConfiguration;
			buildSettings = {
				ALWAYS_EMBED_SWIFT_STANDARD_LIBRARIES = YES;
				ASSETCATALOG_COMPILER_APPICON_NAME = AppIcon;
				COMBINE_HIDPI_IMAGES = YES;
				INFOPLIST_FILE = "$(SRCROOT)/App/Info.plist";
				LD_RUNPATH_SEARCH_PATHS = "$(inherited) @executable_path/../Frameworks";
				PRODUCT_BUNDLE_IDENTIFIER = "io.up-n-down.Up-N-Down";
				PRODUCT_NAME = "$(TARGET_NAME)";
				SWIFT_OBJC_BRIDGING_HEADER = Shared/GitServiceBridgingHeader.h;
				SWIFT_VERSION = 3.0;
			};
			name = Debug;
		};
		BEE74FE51DE366FE00A6DD44 /* Release */ = {
			isa = XCBuildConfiguration;
			buildSettings = {
				ALWAYS_EMBED_SWIFT_STANDARD_LIBRARIES = YES;
				ASSETCATALOG_COMPILER_APPICON_NAME = AppIcon;
				COMBINE_HIDPI_IMAGES = YES;
				INFOPLIST_FILE = "$(SRCROOT)/App/Info.plist";
				LD_RUNPATH_SEARCH_PATHS = "$(inherited) @executable_path/../Frameworks";
				PRODUCT_BUNDLE_IDENTIFIER = "io.up-n-down.Up-N-Down";
				PRODUCT_NAME = "$(TARGET_NAME)";
				SWIFT_OBJC_BRIDGING_HEADER = Shared/GitServiceBridgingHeader.h;
				SWIFT_VERSION = 3.0;
			};
			name = Release;
		};
		BEE74FF51DE3678200A6DD44 /* Debug */ = {
			isa = XCBuildConfiguration;
			buildSettings = {
				CLANG_ENABLE_MODULES = YES;
				CODE_SIGN_ENTITLEMENTS = "Finder Sync Extension/Finder_Sync_Extension.entitlements";
				COMBINE_HIDPI_IMAGES = YES;
				INFOPLIST_FILE = "Finder Sync Extension/Info.plist";
				LD_RUNPATH_SEARCH_PATHS = "$(inherited) @executable_path/../Frameworks @executable_path/../../../../Frameworks";
				PRODUCT_BUNDLE_IDENTIFIER = "io.up-n-down.Up-N-Down.Finder-Sync-Extension";
				PRODUCT_NAME = "$(TARGET_NAME)";
				SKIP_INSTALL = YES;
				SWIFT_OBJC_BRIDGING_HEADER = Shared/GitServiceBridgingHeader.h;
				SWIFT_OPTIMIZATION_LEVEL = "-Onone";
				SWIFT_VERSION = 3.0;
			};
			name = Debug;
		};
		BEE74FF61DE3678200A6DD44 /* Release */ = {
			isa = XCBuildConfiguration;
			buildSettings = {
				CLANG_ENABLE_MODULES = YES;
				CODE_SIGN_ENTITLEMENTS = "Finder Sync Extension/Finder_Sync_Extension.entitlements";
				COMBINE_HIDPI_IMAGES = YES;
				INFOPLIST_FILE = "Finder Sync Extension/Info.plist";
				LD_RUNPATH_SEARCH_PATHS = "$(inherited) @executable_path/../Frameworks @executable_path/../../../../Frameworks";
				PRODUCT_BUNDLE_IDENTIFIER = "io.up-n-down.Up-N-Down.Finder-Sync-Extension";
				PRODUCT_NAME = "$(TARGET_NAME)";
				SKIP_INSTALL = YES;
				SWIFT_OBJC_BRIDGING_HEADER = Shared/GitServiceBridgingHeader.h;
				SWIFT_VERSION = 3.0;
			};
			name = Release;
		};
		BEE7500A1DE367FB00A6DD44 /* Debug */ = {
			isa = XCBuildConfiguration;
			buildSettings = {
				CLANG_ENABLE_MODULES = YES;
				COMBINE_HIDPI_IMAGES = YES;
				FRAMEWORK_SEARCH_PATHS = (
					"$(inherited)",
					"$(PROJECT_DIR)/Carthage/Build/Mac",
				);
				INFOPLIST_FILE = "Git Service/Info.plist";
				LD_RUNPATH_SEARCH_PATHS = "$(inherited) @executable_path/../Frameworks @loader_path/../Frameworks";
				PRODUCT_BUNDLE_IDENTIFIER = "io.up-n-down.Up-N-Down.Git-Service";
				PRODUCT_NAME = "$(TARGET_NAME)";
				SKIP_INSTALL = YES;
				SWIFT_OBJC_BRIDGING_HEADER = Shared/GitServiceBridgingHeader.h;
				SWIFT_OPTIMIZATION_LEVEL = "-Onone";
				SWIFT_VERSION = 3.0;
			};
			name = Debug;
		};
		BEE7500B1DE367FB00A6DD44 /* Release */ = {
			isa = XCBuildConfiguration;
			buildSettings = {
				CLANG_ENABLE_MODULES = YES;
				COMBINE_HIDPI_IMAGES = YES;
				FRAMEWORK_SEARCH_PATHS = (
					"$(inherited)",
					"$(PROJECT_DIR)/Carthage/Build/Mac",
				);
				INFOPLIST_FILE = "Git Service/Info.plist";
				LD_RUNPATH_SEARCH_PATHS = "$(inherited) @executable_path/../Frameworks @loader_path/../Frameworks";
				PRODUCT_BUNDLE_IDENTIFIER = "io.up-n-down.Up-N-Down.Git-Service";
				PRODUCT_NAME = "$(TARGET_NAME)";
				SKIP_INSTALL = YES;
				SWIFT_OBJC_BRIDGING_HEADER = Shared/GitServiceBridgingHeader.h;
				SWIFT_VERSION = 3.0;
			};
			name = Release;
		};
/* End XCBuildConfiguration section */

/* Begin XCConfigurationList section */
		BEE74FCF1DE366FE00A6DD44 /* Build configuration list for PBXProject "Up-N-Down" */ = {
			isa = XCConfigurationList;
			buildConfigurations = (
				BEE74FE11DE366FE00A6DD44 /* Debug */,
				BEE74FE21DE366FE00A6DD44 /* Release */,
			);
			defaultConfigurationIsVisible = 0;
			defaultConfigurationName = Release;
		};
		BEE74FE31DE366FE00A6DD44 /* Build configuration list for PBXNativeTarget "Up-N-Down" */ = {
			isa = XCConfigurationList;
			buildConfigurations = (
				BEE74FE41DE366FE00A6DD44 /* Debug */,
				BEE74FE51DE366FE00A6DD44 /* Release */,
			);
			defaultConfigurationIsVisible = 0;
			defaultConfigurationName = Release;
		};
		BEE74FF41DE3678200A6DD44 /* Build configuration list for PBXNativeTarget "Up-N-Down Finder Sync Extension" */ = {
			isa = XCConfigurationList;
			buildConfigurations = (
				BEE74FF51DE3678200A6DD44 /* Debug */,
				BEE74FF61DE3678200A6DD44 /* Release */,
			);
			defaultConfigurationIsVisible = 0;
			defaultConfigurationName = Release;
		};
		BEE750091DE367FB00A6DD44 /* Build configuration list for PBXNativeTarget "Up-N-Down Git Service" */ = {
			isa = XCConfigurationList;
			buildConfigurations = (
				BEE7500A1DE367FB00A6DD44 /* Debug */,
				BEE7500B1DE367FB00A6DD44 /* Release */,
			);
			defaultConfigurationIsVisible = 0;
			defaultConfigurationName = Release;
		};
/* End XCConfigurationList section */
	};
	rootObject = BEE74FCC1DE366FE00A6DD44 /* Project object */;
}
